Microsoft Visual Studio Solution File, Format Version 11.00
# Visual Studio 2008

Project("{89EF77E2-8753-48CF-E871-B36DE32A158E}") = "ToyTowers", "Assembly-CSharp.csproj", "{55E5FF43-3E24-1123-D3B0-59A2A32BA9AD}"
EndProject
Global
	GlobalSection(SolutionConfigurationPlatforms) = preSolution
		Debug|Any CPU = Debug|Any CPU
		Release|Any CPU = Release|Any CPU
	EndGlobalSection
	GlobalSection(ProjectConfigurationPlatforms) = postSolution
		{55E5FF43-3E24-1123-D3B0-59A2A32BA9AD}.Debug|Any CPU.ActiveCfg = Debug|Any CPU
		{55E5FF43-3E24-1123-D3B0-59A2A32BA9AD}.Debug|Any CPU.Build.0 = Debug|Any CPU
		{55E5FF43-3E24-1123-D3B0-59A2A32BA9AD}.Release|Any CPU.ActiveCfg = Release|Any CPU
		{55E5FF43-3E24-1123-D3B0-59A2A32BA9AD}.Release|Any CPU.Build.0 = Release|Any CPU
	EndGlobalSection
	GlobalSection(SolutionProperties) = preSolution
		HideSolutionNode = FALSE
	EndGlobalSection
	GlobalSection(MonoDevelopProperties) = preSolution
		StartupItem = Assembly-CSharp.csproj
	EndGlobalSection
EndGlobal
