Microsoft Visual Studio Solution File, Format Version 11.00
# Visual Studio 2008

Project("{64661C1B-52E2-11B7-3C45-97CA42AA6B6A}") = "ToyTowers-most recent", "Assembly-CSharp.csproj", "{3BA87055-6D14-680A-4222-4064C49DC10B}"
EndProject
Global
	GlobalSection(SolutionConfigurationPlatforms) = preSolution
		Debug|Any CPU = Debug|Any CPU
		Release|Any CPU = Release|Any CPU
	EndGlobalSection
	GlobalSection(ProjectConfigurationPlatforms) = postSolution
		{3BA87055-6D14-680A-4222-4064C49DC10B}.Debug|Any CPU.ActiveCfg = Debug|Any CPU
		{3BA87055-6D14-680A-4222-4064C49DC10B}.Debug|Any CPU.Build.0 = Debug|Any CPU
		{3BA87055-6D14-680A-4222-4064C49DC10B}.Release|Any CPU.ActiveCfg = Release|Any CPU
		{3BA87055-6D14-680A-4222-4064C49DC10B}.Release|Any CPU.Build.0 = Release|Any CPU
	EndGlobalSection
	GlobalSection(SolutionProperties) = preSolution
		HideSolutionNode = FALSE
	EndGlobalSection
	GlobalSection(MonoDevelopProperties) = preSolution
		StartupItem = Assembly-CSharp.csproj
	EndGlobalSection
EndGlobal
