Microsoft Visual Studio Solution File, Format Version 11.00
# Visual Studio 2008

Project("{531E649B-2879-296F-752F-CC6D43A98BC6}") = "ToyTowersPrototype", "Assembly-CSharp.csproj", "{826C3846-C599-D8AF-1574-96BB1AC08073}"
EndProject
Global
	GlobalSection(SolutionConfigurationPlatforms) = preSolution
		Debug|Any CPU = Debug|Any CPU
		Release|Any CPU = Release|Any CPU
	EndGlobalSection
	GlobalSection(ProjectConfigurationPlatforms) = postSolution
		{826C3846-C599-D8AF-1574-96BB1AC08073}.Debug|Any CPU.ActiveCfg = Debug|Any CPU
		{826C3846-C599-D8AF-1574-96BB1AC08073}.Debug|Any CPU.Build.0 = Debug|Any CPU
		{826C3846-C599-D8AF-1574-96BB1AC08073}.Release|Any CPU.ActiveCfg = Release|Any CPU
		{826C3846-C599-D8AF-1574-96BB1AC08073}.Release|Any CPU.Build.0 = Release|Any CPU
	EndGlobalSection
	GlobalSection(SolutionProperties) = preSolution
		HideSolutionNode = FALSE
	EndGlobalSection
	GlobalSection(MonoDevelopProperties) = preSolution
		StartupItem = Assembly-CSharp.csproj
	EndGlobalSection
EndGlobal
