Microsoft Visual Studio Solution File, Format Version 11.00
# Visual Studio 2008

Project("{85DFC37C-ACA0-2457-FF79-424BB54A932D}") = "ToyTowersPrototypeNov8 2", "Assembly-CSharp.csproj", "{AAF04877-ABDF-2D1C-E86C-CF42D8B2B33B}"
EndProject
Global
	GlobalSection(SolutionConfigurationPlatforms) = preSolution
		Debug|Any CPU = Debug|Any CPU
		Release|Any CPU = Release|Any CPU
	EndGlobalSection
	GlobalSection(ProjectConfigurationPlatforms) = postSolution
		{AAF04877-ABDF-2D1C-E86C-CF42D8B2B33B}.Debug|Any CPU.ActiveCfg = Debug|Any CPU
		{AAF04877-ABDF-2D1C-E86C-CF42D8B2B33B}.Debug|Any CPU.Build.0 = Debug|Any CPU
		{AAF04877-ABDF-2D1C-E86C-CF42D8B2B33B}.Release|Any CPU.ActiveCfg = Release|Any CPU
		{AAF04877-ABDF-2D1C-E86C-CF42D8B2B33B}.Release|Any CPU.Build.0 = Release|Any CPU
	EndGlobalSection
	GlobalSection(SolutionProperties) = preSolution
		HideSolutionNode = FALSE
	EndGlobalSection
	GlobalSection(MonoDevelopProperties) = preSolution
		StartupItem = Assembly-CSharp.csproj
	EndGlobalSection
EndGlobal
